
Microsoft Visual Studio Solution File, Format Version 12.00
# Visual Studio Version 17
VisualStudioVersion = 17.7.34031.279
MinimumVisualStudioVersion = 10.0.40219.1
Project("{9A19103F-16F7-4668-BE54-9A1E7A4F7556}") = "Catalog.API", "Services\Catalog\Catalog.API\Catalog.API.csproj", "{89E9DF49-6102-4D53-8287-496B1BCBF103}"
EndProject
Project("{E53339B2-1760-4266-BCC7-CA923CBCF16C}") = "docker-compose", "docker-compose.dcproj", "{E03C284A-A631-4BFC-902F-793DB74B0305}"
EndProject
Project("{9A19103F-16F7-4668-BE54-9A1E7A4F7556}") = "Basket.API", "Services\Basket\Basket.API\Basket.API.csproj", "{039AD24A-2B7B-4F22-B3D3-EEAC93630AAD}"
EndProject
Project("{9A19103F-16F7-4668-BE54-9A1E7A4F7556}") = "Discount.API", "Services\Discount\Discount.API\Discount.API.csproj", "{5BA8AC3B-8ED9-4029-B143-2CF3998DCE9E}"
EndProject
Project("{9A19103F-16F7-4668-BE54-9A1E7A4F7556}") = "Discount.Grpc", "Services\Discount\Discount.Grpc\Discount.Grpc.csproj", "{3612C8D1-5F1C-4221-AACA-D22806EB58CF}"
EndProject
Project("{2150E333-8FDC-42A3-9474-1A3956D46DE8}") = "Services", "Services", "{E3CC7503-24A5-4EFC-A382-426E7FEF21EC}"
EndProject
Project("{2150E333-8FDC-42A3-9474-1A3956D46DE8}") = "Basket", "Basket", "{B88AE94B-5D71-4082-8D1C-CF74F0420E86}"
EndProject
Project("{2150E333-8FDC-42A3-9474-1A3956D46DE8}") = "Catalog", "Catalog", "{2946F9C9-4F90-4A36-B4B3-64EE707AD962}"
EndProject
Project("{2150E333-8FDC-42A3-9474-1A3956D46DE8}") = "Discount", "Discount", "{6812249D-948F-4F4A-8E3F-AF99509E746B}"
EndProject
Project("{2150E333-8FDC-42A3-9474-1A3956D46DE8}") = "Ordering", "Ordering", "{923A6991-AADB-481B-B318-A2C3EB98F444}"
EndProject
Project("{FAE04EC0-301F-11D3-BF4B-00C04F79EFBC}") = "Ordering.API", "Services\Ordering\Ordering.API\Ordering.API.csproj", "{15E38669-AF80-4931-B807-44F76C762CD2}"
EndProject
Project("{FAE04EC0-301F-11D3-BF4B-00C04F79EFBC}") = "Ordering.Domain", "Services\Ordering\Ordering.Domain\Ordering.Domain.csproj", "{9F42F902-263B-4492-901C-95237CEA2103}"
EndProject
Project("{FAE04EC0-301F-11D3-BF4B-00C04F79EFBC}") = "Ordering.Application", "Services\Ordering\Ordering.Application\Ordering.Application.csproj", "{7BA2EB9A-F3CF-4BDD-8075-69F4A50365DA}"
EndProject
Project("{FAE04EC0-301F-11D3-BF4B-00C04F79EFBC}") = "Ordering.Infrastructure", "Services\Ordering\Ordering.Infrastructure\Ordering.Infrastructure.csproj", "{E4843573-3B9A-4F1E-A83E-0DADBF303EC6}"
EndProject
Global
	GlobalSection(SolutionConfigurationPlatforms) = preSolution
		Debug|Any CPU = Debug|Any CPU
		Release|Any CPU = Release|Any CPU
	EndGlobalSection
	GlobalSection(ProjectConfigurationPlatforms) = postSolution
		{89E9DF49-6102-4D53-8287-496B1BCBF103}.Debug|Any CPU.ActiveCfg = Debug|Any CPU
		{89E9DF49-6102-4D53-8287-496B1BCBF103}.Debug|Any CPU.Build.0 = Debug|Any CPU
		{89E9DF49-6102-4D53-8287-496B1BCBF103}.Release|Any CPU.ActiveCfg = Release|Any CPU
		{89E9DF49-6102-4D53-8287-496B1BCBF103}.Release|Any CPU.Build.0 = Release|Any CPU
		{E03C284A-A631-4BFC-902F-793DB74B0305}.Debug|Any CPU.ActiveCfg = Debug|Any CPU
		{E03C284A-A631-4BFC-902F-793DB74B0305}.Debug|Any CPU.Build.0 = Debug|Any CPU
		{E03C284A-A631-4BFC-902F-793DB74B0305}.Release|Any CPU.ActiveCfg = Release|Any CPU
		{E03C284A-A631-4BFC-902F-793DB74B0305}.Release|Any CPU.Build.0 = Release|Any CPU
		{039AD24A-2B7B-4F22-B3D3-EEAC93630AAD}.Debug|Any CPU.ActiveCfg = Debug|Any CPU
		{039AD24A-2B7B-4F22-B3D3-EEAC93630AAD}.Debug|Any CPU.Build.0 = Debug|Any CPU
		{039AD24A-2B7B-4F22-B3D3-EEAC93630AAD}.Release|Any CPU.ActiveCfg = Release|Any CPU
		{039AD24A-2B7B-4F22-B3D3-EEAC93630AAD}.Release|Any CPU.Build.0 = Release|Any CPU
		{5BA8AC3B-8ED9-4029-B143-2CF3998DCE9E}.Debug|Any CPU.ActiveCfg = Debug|Any CPU
		{5BA8AC3B-8ED9-4029-B143-2CF3998DCE9E}.Debug|Any CPU.Build.0 = Debug|Any CPU
		{5BA8AC3B-8ED9-4029-B143-2CF3998DCE9E}.Release|Any CPU.ActiveCfg = Release|Any CPU
		{5BA8AC3B-8ED9-4029-B143-2CF3998DCE9E}.Release|Any CPU.Build.0 = Release|Any CPU
		{3612C8D1-5F1C-4221-AACA-D22806EB58CF}.Debug|Any CPU.ActiveCfg = Debug|Any CPU
		{3612C8D1-5F1C-4221-AACA-D22806EB58CF}.Debug|Any CPU.Build.0 = Debug|Any CPU
		{3612C8D1-5F1C-4221-AACA-D22806EB58CF}.Release|Any CPU.ActiveCfg = Release|Any CPU
		{3612C8D1-5F1C-4221-AACA-D22806EB58CF}.Release|Any CPU.Build.0 = Release|Any CPU
		{15E38669-AF80-4931-B807-44F76C762CD2}.Debug|Any CPU.ActiveCfg = Debug|Any CPU
		{15E38669-AF80-4931-B807-44F76C762CD2}.Debug|Any CPU.Build.0 = Debug|Any CPU
		{15E38669-AF80-4931-B807-44F76C762CD2}.Release|Any CPU.ActiveCfg = Release|Any CPU
		{15E38669-AF80-4931-B807-44F76C762CD2}.Release|Any CPU.Build.0 = Release|Any CPU
		{9F42F902-263B-4492-901C-95237CEA2103}.Debug|Any CPU.ActiveCfg = Debug|Any CPU
		{9F42F902-263B-4492-901C-95237CEA2103}.Debug|Any CPU.Build.0 = Debug|Any CPU
		{9F42F902-263B-4492-901C-95237CEA2103}.Release|Any CPU.ActiveCfg = Release|Any CPU
		{9F42F902-263B-4492-901C-95237CEA2103}.Release|Any CPU.Build.0 = Release|Any CPU
		{7BA2EB9A-F3CF-4BDD-8075-69F4A50365DA}.Debug|Any CPU.ActiveCfg = Debug|Any CPU
		{7BA2EB9A-F3CF-4BDD-8075-69F4A50365DA}.Debug|Any CPU.Build.0 = Debug|Any CPU
		{7BA2EB9A-F3CF-4BDD-8075-69F4A50365DA}.Release|Any CPU.ActiveCfg = Release|Any CPU
		{7BA2EB9A-F3CF-4BDD-8075-69F4A50365DA}.Release|Any CPU.Build.0 = Release|Any CPU
		{E4843573-3B9A-4F1E-A83E-0DADBF303EC6}.Debug|Any CPU.ActiveCfg = Debug|Any CPU
		{E4843573-3B9A-4F1E-A83E-0DADBF303EC6}.Debug|Any CPU.Build.0 = Debug|Any CPU
		{E4843573-3B9A-4F1E-A83E-0DADBF303EC6}.Release|Any CPU.ActiveCfg = Release|Any CPU
		{E4843573-3B9A-4F1E-A83E-0DADBF303EC6}.Release|Any CPU.Build.0 = Release|Any CPU
	EndGlobalSection
	GlobalSection(SolutionProperties) = preSolution
		HideSolutionNode = FALSE
	EndGlobalSection
	GlobalSection(NestedProjects) = preSolution
		{89E9DF49-6102-4D53-8287-496B1BCBF103} = {2946F9C9-4F90-4A36-B4B3-64EE707AD962}
		{039AD24A-2B7B-4F22-B3D3-EEAC93630AAD} = {B88AE94B-5D71-4082-8D1C-CF74F0420E86}
		{5BA8AC3B-8ED9-4029-B143-2CF3998DCE9E} = {6812249D-948F-4F4A-8E3F-AF99509E746B}
		{3612C8D1-5F1C-4221-AACA-D22806EB58CF} = {6812249D-948F-4F4A-8E3F-AF99509E746B}
		{B88AE94B-5D71-4082-8D1C-CF74F0420E86} = {E3CC7503-24A5-4EFC-A382-426E7FEF21EC}
		{2946F9C9-4F90-4A36-B4B3-64EE707AD962} = {E3CC7503-24A5-4EFC-A382-426E7FEF21EC}
		{6812249D-948F-4F4A-8E3F-AF99509E746B} = {E3CC7503-24A5-4EFC-A382-426E7FEF21EC}
		{923A6991-AADB-481B-B318-A2C3EB98F444} = {E3CC7503-24A5-4EFC-A382-426E7FEF21EC}
		{15E38669-AF80-4931-B807-44F76C762CD2} = {923A6991-AADB-481B-B318-A2C3EB98F444}
		{9F42F902-263B-4492-901C-95237CEA2103} = {923A6991-AADB-481B-B318-A2C3EB98F444}
		{7BA2EB9A-F3CF-4BDD-8075-69F4A50365DA} = {923A6991-AADB-481B-B318-A2C3EB98F444}
		{E4843573-3B9A-4F1E-A83E-0DADBF303EC6} = {923A6991-AADB-481B-B318-A2C3EB98F444}
	EndGlobalSection
	GlobalSection(ExtensibilityGlobals) = postSolution
		SolutionGuid = {DE00FD41-000D-49CF-98C3-C642223D788B}
	EndGlobalSection
EndGlobal
